
Microsoft Visual Studio Solution File, Format Version 12.00
# Visual Studio Version 16
VisualStudioVersion = 16.0.29009.5
MinimumVisualStudioVersion = 10.0.40219.1
Project("{FAE04EC0-301F-11D3-BF4B-00C04F79EFBC}") = "Test.lib", "Test.lib\Test.lib.csproj", "{F8DBB067-6A93-4298-9434-ECBAF32150E2}"
EndProject
Global
	GlobalSection(SolutionConfigurationPlatforms) = preSolution
		Debug|Any CPU = Debug|Any CPU
		Release|Any CPU = Release|Any CPU
	EndGlobalSection
	GlobalSection(ProjectConfigurationPlatforms) = postSolution
		{F8DBB067-6A93-4298-9434-ECBAF32150E2}.Debug|Any CPU.ActiveCfg = Debug|Any CPU
		{F8DBB067-6A93-4298-9434-ECBAF32150E2}.Debug|Any CPU.Build.0 = Debug|Any CPU
		{F8DBB067-6A93-4298-9434-ECBAF32150E2}.Release|Any CPU.ActiveCfg = Release|Any CPU
		{F8DBB067-6A93-4298-9434-ECBAF32150E2}.Release|Any CPU.Build.0 = Release|Any CPU
	EndGlobalSection
	GlobalSection(SolutionProperties) = preSolution
		HideSolutionNode = FALSE
	EndGlobalSection
	GlobalSection(ExtensibilityGlobals) = postSolution
		SolutionGuid = {F9AD6A26-371A-4928-8FD6-8B53F6DE0010}
	EndGlobalSection
EndGlobal
